
Microsoft Visual Studio Solution File, Format Version 12.00
# Visual Studio Version 16
VisualStudioVersion = 16.0.28922.388
MinimumVisualStudioVersion = 10.0.40219.1
Project("{FAE04EC0-301F-11D3-BF4B-00C04F79EFBC}") = "JitsiReservationManager", "JitsiReservationManager.csproj", "{47BE477A-DD80-44C6-910B-0FAB52D38290}"
EndProject
Global
	GlobalSection(SolutionConfigurationPlatforms) = preSolution
		Debug|Any CPU = Debug|Any CPU
		Release|Any CPU = Release|Any CPU
	EndGlobalSection
	GlobalSection(ProjectConfigurationPlatforms) = postSolution
		{47BE477A-DD80-44C6-910B-0FAB52D38290}.Debug|Any CPU.ActiveCfg = Debug|Any CPU
		{47BE477A-DD80-44C6-910B-0FAB52D38290}.Debug|Any CPU.Build.0 = Debug|Any CPU
		{47BE477A-DD80-44C6-910B-0FAB52D38290}.Release|Any CPU.ActiveCfg = Release|Any CPU
		{47BE477A-DD80-44C6-910B-0FAB52D38290}.Release|Any CPU.Build.0 = Release|Any CPU
	EndGlobalSection
	GlobalSection(SolutionProperties) = preSolution
		HideSolutionNode = FALSE
	EndGlobalSection
	GlobalSection(ExtensibilityGlobals) = postSolution
		SolutionGuid = {7B1EEBB4-462D-4F75-B69F-30F57AB88514}
	EndGlobalSection
EndGlobal
